
Microsoft Visual Studio Solution File, Format Version 12.00
Project("{FAE04EC0-301F-11D3-BF4B-00C04F79EFBC}") = "Aircrafts", "Aircrafts\Aircrafts.csproj", "{C8B16761-7E20-412D-8D4D-ED6E7965237A}"
EndProject
Global
	GlobalSection(SolutionConfigurationPlatforms) = preSolution
		Debug|Any CPU = Debug|Any CPU
		Release|Any CPU = Release|Any CPU
	EndGlobalSection
	GlobalSection(ProjectConfigurationPlatforms) = postSolution
		{C8B16761-7E20-412D-8D4D-ED6E7965237A}.Debug|Any CPU.ActiveCfg = Debug|Any CPU
		{C8B16761-7E20-412D-8D4D-ED6E7965237A}.Debug|Any CPU.Build.0 = Debug|Any CPU
		{C8B16761-7E20-412D-8D4D-ED6E7965237A}.Release|Any CPU.ActiveCfg = Release|Any CPU
		{C8B16761-7E20-412D-8D4D-ED6E7965237A}.Release|Any CPU.Build.0 = Release|Any CPU
	EndGlobalSection
EndGlobal
